
Microsoft Visual Studio Solution File, Format Version 12.00
# Visual Studio Version 17
VisualStudioVersion = 17.13.35828.75 d17.13
MinimumVisualStudioVersion = 10.0.40219.1
Project("{888888A0-9F3D-457C-B088-3A5042F75D52}") = "file_tree_app", "file_tree_app.pyproj", "{4B8D6ADA-703B-4208-A151-E5915D1EBBF9}"
EndProject
Global
	GlobalSection(SolutionConfigurationPlatforms) = preSolution
		Debug|Any CPU = Debug|Any CPU
		Release|Any CPU = Release|Any CPU
	EndGlobalSection
	GlobalSection(ProjectConfigurationPlatforms) = postSolution
		{4B8D6ADA-703B-4208-A151-E5915D1EBBF9}.Debug|Any CPU.ActiveCfg = Debug|Any CPU
		{4B8D6ADA-703B-4208-A151-E5915D1EBBF9}.Release|Any CPU.ActiveCfg = Release|Any CPU
	EndGlobalSection
	GlobalSection(SolutionProperties) = preSolution
		HideSolutionNode = FALSE
	EndGlobalSection
	GlobalSection(ExtensibilityGlobals) = postSolution
		SolutionGuid = {45B46009-DEC2-4E75-8025-F7FDFB3B4C27}
	EndGlobalSection
EndGlobal
