
Microsoft Visual Studio Solution File, Format Version 12.00
# Visual Studio Version 17
VisualStudioVersion = 17.13.35828.75 d17.13
MinimumVisualStudioVersion = 10.0.40219.1
Project("{FAE04EC0-301F-11D3-BF4B-00C04F79EFBC}") = "lab14_4", "lab14_4.csproj", "{FE6D1800-4157-4037-8CB0-50BF4F50AE0C}"
EndProject
Global
	GlobalSection(SolutionConfigurationPlatforms) = preSolution
		Debug|Any CPU = Debug|Any CPU
		Release|Any CPU = Release|Any CPU
	EndGlobalSection
	GlobalSection(ProjectConfigurationPlatforms) = postSolution
		{FE6D1800-4157-4037-8CB0-50BF4F50AE0C}.Debug|Any CPU.ActiveCfg = Debug|Any CPU
		{FE6D1800-4157-4037-8CB0-50BF4F50AE0C}.Debug|Any CPU.Build.0 = Debug|Any CPU
		{FE6D1800-4157-4037-8CB0-50BF4F50AE0C}.Release|Any CPU.ActiveCfg = Release|Any CPU
		{FE6D1800-4157-4037-8CB0-50BF4F50AE0C}.Release|Any CPU.Build.0 = Release|Any CPU
	EndGlobalSection
	GlobalSection(SolutionProperties) = preSolution
		HideSolutionNode = FALSE
	EndGlobalSection
	GlobalSection(ExtensibilityGlobals) = postSolution
		SolutionGuid = {530E07B2-B2FA-4EF7-A87D-D3BC48A10864}
	EndGlobalSection
EndGlobal
