
Microsoft Visual Studio Solution File, Format Version 12.00
# Visual Studio Version 17
VisualStudioVersion = 17.13.35828.75 d17.13
MinimumVisualStudioVersion = 10.0.40219.1
Project("{888888A0-9F3D-457C-B088-3A5042F75D52}") = "lab12_2", "lab12_2.pyproj", "{DDC13BFE-F972-4C58-9FED-5C7B662F36E1}"
EndProject
Global
	GlobalSection(SolutionConfigurationPlatforms) = preSolution
		Debug|Any CPU = Debug|Any CPU
		Release|Any CPU = Release|Any CPU
	EndGlobalSection
	GlobalSection(ProjectConfigurationPlatforms) = postSolution
		{DDC13BFE-F972-4C58-9FED-5C7B662F36E1}.Debug|Any CPU.ActiveCfg = Debug|Any CPU
		{DDC13BFE-F972-4C58-9FED-5C7B662F36E1}.Release|Any CPU.ActiveCfg = Release|Any CPU
	EndGlobalSection
	GlobalSection(SolutionProperties) = preSolution
		HideSolutionNode = FALSE
	EndGlobalSection
	GlobalSection(ExtensibilityGlobals) = postSolution
		SolutionGuid = {05864740-DB29-4A45-8895-EB6501D582D3}
	EndGlobalSection
EndGlobal
