
Microsoft Visual Studio Solution File, Format Version 12.00
# Visual Studio Version 17
VisualStudioVersion = 17.13.35828.75 d17.13
MinimumVisualStudioVersion = 10.0.40219.1
Project("{FAE04EC0-301F-11D3-BF4B-00C04F79EFBC}") = "lab14_3", "lab14_3.csproj", "{04D20086-2D53-48A6-8C20-570FF7D044B4}"
EndProject
Global
	GlobalSection(SolutionConfigurationPlatforms) = preSolution
		Debug|Any CPU = Debug|Any CPU
		Release|Any CPU = Release|Any CPU
	EndGlobalSection
	GlobalSection(ProjectConfigurationPlatforms) = postSolution
		{04D20086-2D53-48A6-8C20-570FF7D044B4}.Debug|Any CPU.ActiveCfg = Debug|Any CPU
		{04D20086-2D53-48A6-8C20-570FF7D044B4}.Debug|Any CPU.Build.0 = Debug|Any CPU
		{04D20086-2D53-48A6-8C20-570FF7D044B4}.Release|Any CPU.ActiveCfg = Release|Any CPU
		{04D20086-2D53-48A6-8C20-570FF7D044B4}.Release|Any CPU.Build.0 = Release|Any CPU
	EndGlobalSection
	GlobalSection(SolutionProperties) = preSolution
		HideSolutionNode = FALSE
	EndGlobalSection
	GlobalSection(ExtensibilityGlobals) = postSolution
		SolutionGuid = {CEC523D6-2B23-4137-8493-52D5144979ED}
	EndGlobalSection
EndGlobal
