
Microsoft Visual Studio Solution File, Format Version 12.00
# Visual Studio Version 17
VisualStudioVersion = 17.13.35828.75 d17.13
MinimumVisualStudioVersion = 10.0.40219.1
Project("{888888A0-9F3D-457C-B088-3A5042F75D52}") = "lab5_2", "lab5_2.pyproj", "{A9C38ED7-5953-4BF0-8AA6-3071684A21CE}"
EndProject
Global
	GlobalSection(SolutionConfigurationPlatforms) = preSolution
		Debug|Any CPU = Debug|Any CPU
		Release|Any CPU = Release|Any CPU
	EndGlobalSection
	GlobalSection(ProjectConfigurationPlatforms) = postSolution
		{A9C38ED7-5953-4BF0-8AA6-3071684A21CE}.Debug|Any CPU.ActiveCfg = Debug|Any CPU
		{A9C38ED7-5953-4BF0-8AA6-3071684A21CE}.Release|Any CPU.ActiveCfg = Release|Any CPU
	EndGlobalSection
	GlobalSection(SolutionProperties) = preSolution
		HideSolutionNode = FALSE
	EndGlobalSection
	GlobalSection(ExtensibilityGlobals) = postSolution
		SolutionGuid = {0C5C1061-CEB1-4F1D-A1AF-42A57988FD80}
	EndGlobalSection
EndGlobal
