
Microsoft Visual Studio Solution File, Format Version 12.00
# Visual Studio Version 17
VisualStudioVersion = 17.13.35828.75 d17.13
MinimumVisualStudioVersion = 10.0.40219.1
Project("{FAE04EC0-301F-11D3-BF4B-00C04F79EFBC}") = "lab1.1.1.1", "lab1.1.1.1.csproj", "{B8557490-AE38-4675-B69C-BEC6808E0DBC}"
EndProject
Global
	GlobalSection(SolutionConfigurationPlatforms) = preSolution
		Debug|Any CPU = Debug|Any CPU
		Release|Any CPU = Release|Any CPU
	EndGlobalSection
	GlobalSection(ProjectConfigurationPlatforms) = postSolution
		{B8557490-AE38-4675-B69C-BEC6808E0DBC}.Debug|Any CPU.ActiveCfg = Debug|Any CPU
		{B8557490-AE38-4675-B69C-BEC6808E0DBC}.Debug|Any CPU.Build.0 = Debug|Any CPU
		{B8557490-AE38-4675-B69C-BEC6808E0DBC}.Release|Any CPU.ActiveCfg = Release|Any CPU
		{B8557490-AE38-4675-B69C-BEC6808E0DBC}.Release|Any CPU.Build.0 = Release|Any CPU
	EndGlobalSection
	GlobalSection(SolutionProperties) = preSolution
		HideSolutionNode = FALSE
	EndGlobalSection
	GlobalSection(ExtensibilityGlobals) = postSolution
		SolutionGuid = {82E72633-9ECB-4C72-A613-326ABCC9141F}
	EndGlobalSection
EndGlobal
