
Microsoft Visual Studio Solution File, Format Version 12.00
# Visual Studio Version 17
VisualStudioVersion = 17.13.35828.75 d17.13
MinimumVisualStudioVersion = 10.0.40219.1
Project("{888888A0-9F3D-457C-B088-3A5042F75D52}") = "lab12_3", "lab12_3.pyproj", "{47F487FB-B753-43A8-84F2-D5EFF5F191AB}"
EndProject
Global
	GlobalSection(SolutionConfigurationPlatforms) = preSolution
		Debug|Any CPU = Debug|Any CPU
		Release|Any CPU = Release|Any CPU
	EndGlobalSection
	GlobalSection(ProjectConfigurationPlatforms) = postSolution
		{47F487FB-B753-43A8-84F2-D5EFF5F191AB}.Debug|Any CPU.ActiveCfg = Debug|Any CPU
		{47F487FB-B753-43A8-84F2-D5EFF5F191AB}.Release|Any CPU.ActiveCfg = Release|Any CPU
	EndGlobalSection
	GlobalSection(SolutionProperties) = preSolution
		HideSolutionNode = FALSE
	EndGlobalSection
	GlobalSection(ExtensibilityGlobals) = postSolution
		SolutionGuid = {E3D244A5-3593-4BDE-8909-2151A72B1457}
	EndGlobalSection
EndGlobal
