
Microsoft Visual Studio Solution File, Format Version 12.00
# Visual Studio Version 17
VisualStudioVersion = 17.13.35828.75 d17.13
MinimumVisualStudioVersion = 10.0.40219.1
Project("{FAE04EC0-301F-11D3-BF4B-00C04F79EFBC}") = "lab7_3pkpz", "lab7_3pkpz.csproj", "{2755E64A-904B-4199-9C82-24476499C267}"
EndProject
Global
	GlobalSection(SolutionConfigurationPlatforms) = preSolution
		Debug|Any CPU = Debug|Any CPU
		Release|Any CPU = Release|Any CPU
	EndGlobalSection
	GlobalSection(ProjectConfigurationPlatforms) = postSolution
		{2755E64A-904B-4199-9C82-24476499C267}.Debug|Any CPU.ActiveCfg = Debug|Any CPU
		{2755E64A-904B-4199-9C82-24476499C267}.Debug|Any CPU.Build.0 = Debug|Any CPU
		{2755E64A-904B-4199-9C82-24476499C267}.Release|Any CPU.ActiveCfg = Release|Any CPU
		{2755E64A-904B-4199-9C82-24476499C267}.Release|Any CPU.Build.0 = Release|Any CPU
	EndGlobalSection
	GlobalSection(SolutionProperties) = preSolution
		HideSolutionNode = FALSE
	EndGlobalSection
	GlobalSection(ExtensibilityGlobals) = postSolution
		SolutionGuid = {EBB77589-011A-44C2-8EB9-26339F6B3F68}
	EndGlobalSection
EndGlobal
