
Microsoft Visual Studio Solution File, Format Version 12.00
# Visual Studio Version 17
VisualStudioVersion = 17.13.35828.75 d17.13
MinimumVisualStudioVersion = 10.0.40219.1
Project("{FAE04EC0-301F-11D3-BF4B-00C04F79EFBC}") = "lab8_1pkpz", "lab8_1pkpz.csproj", "{CBAD682F-3E59-47F1-8621-06839642E3BC}"
EndProject
Global
	GlobalSection(SolutionConfigurationPlatforms) = preSolution
		Debug|Any CPU = Debug|Any CPU
		Release|Any CPU = Release|Any CPU
	EndGlobalSection
	GlobalSection(ProjectConfigurationPlatforms) = postSolution
		{CBAD682F-3E59-47F1-8621-06839642E3BC}.Debug|Any CPU.ActiveCfg = Debug|Any CPU
		{CBAD682F-3E59-47F1-8621-06839642E3BC}.Debug|Any CPU.Build.0 = Debug|Any CPU
		{CBAD682F-3E59-47F1-8621-06839642E3BC}.Release|Any CPU.ActiveCfg = Release|Any CPU
		{CBAD682F-3E59-47F1-8621-06839642E3BC}.Release|Any CPU.Build.0 = Release|Any CPU
	EndGlobalSection
	GlobalSection(SolutionProperties) = preSolution
		HideSolutionNode = FALSE
	EndGlobalSection
	GlobalSection(ExtensibilityGlobals) = postSolution
		SolutionGuid = {2CDC49FF-51FF-4744-A989-296FBA1F672C}
	EndGlobalSection
EndGlobal
