
Microsoft Visual Studio Solution File, Format Version 12.00
# Visual Studio Version 17
VisualStudioVersion = 17.13.35828.75 d17.13
MinimumVisualStudioVersion = 10.0.40219.1
Project("{FAE04EC0-301F-11D3-BF4B-00C04F79EFBC}") = "lab13_pkpz", "lab13_pkpz.csproj", "{DA9B7EAF-8E67-4C0E-9BC4-802B25B2D378}"
EndProject
Global
	GlobalSection(SolutionConfigurationPlatforms) = preSolution
		Debug|Any CPU = Debug|Any CPU
		Release|Any CPU = Release|Any CPU
	EndGlobalSection
	GlobalSection(ProjectConfigurationPlatforms) = postSolution
		{DA9B7EAF-8E67-4C0E-9BC4-802B25B2D378}.Debug|Any CPU.ActiveCfg = Debug|Any CPU
		{DA9B7EAF-8E67-4C0E-9BC4-802B25B2D378}.Debug|Any CPU.Build.0 = Debug|Any CPU
		{DA9B7EAF-8E67-4C0E-9BC4-802B25B2D378}.Release|Any CPU.ActiveCfg = Release|Any CPU
		{DA9B7EAF-8E67-4C0E-9BC4-802B25B2D378}.Release|Any CPU.Build.0 = Release|Any CPU
	EndGlobalSection
	GlobalSection(SolutionProperties) = preSolution
		HideSolutionNode = FALSE
	EndGlobalSection
	GlobalSection(ExtensibilityGlobals) = postSolution
		SolutionGuid = {031088CB-3B3B-4615-93EE-64C036D557ED}
	EndGlobalSection
EndGlobal
